PODS:
  - FirebaseFirestore (9.3.0):
    - FirebaseFirestore/AutodetectLeveldb (= 9.3.0)
  - FirebaseFirestore/AutodetectLeveldb (9.3.0):
    - FirebaseFirestore/Base
    - FirebaseFirestore/WithLeveldb
  - FirebaseFirestore/Base (9.3.0)
  - FirebaseFirestore/WithLeveldb (9.3.0):
    - FirebaseFirestore/Base

DEPENDENCIES:
  - FirebaseFirestore (from `https://github.com/invertase/firestore-ios-sdk-frameworks.git`, tag `9.3.0`)

EXTERNAL SOURCES:
  FirebaseFirestore:
    :git: https://github.com/invertase/firestore-ios-sdk-frameworks.git
    :tag: 9.3.0

CHECKOUT OPTIONS:
  FirebaseFirestore:
    :git: https://github.com/invertase/firestore-ios-sdk-frameworks.git
    :tag: 9.3.0

SPEC CHECKSUMS:
  FirebaseFirestore: 033f80710e26a86fd6ecf2a41441360436e45cb9

PODFILE CHECKSUM: a4b67f27b3ef24c07424aed1cd4849ea97504d83

COCOAPODS: 1.11.3
